PODS:
  - cmafhlscache (0.1.0):
    - GCDWebServer (~> 3.5.4)
    - PINCache (~> 3.0)
  - GCDWebServer (3.5.4):
    - GCDWebServer/Core (= 3.5.4)
  - GCDWebServer/Core (3.5.4)
  - PINCache (3.0.3):
    - PINCache/Arc-exception-safe (= 3.0.3)
    - PINCache/Core (= 3.0.3)
  - PINCache/Arc-exception-safe (3.0.3):
    - PINCache/Core
  - PINCache/Core (3.0.3):
    - PINOperation (~> 1.2.1)
  - PINOperation (1.2.2)

DEPENDENCIES:
  - cmafhlscache (from `../`)

SPEC REPOS:
  trunk:
    - GCDWebServer
    - PINCache
    - PINOperation

EXTERNAL SOURCES:
  cmafhlscache:
    :path: "../"

SPEC CHECKSUMS:
  cmafhlscache: 1c047a1a1faeb857035efee25ec5a9c3e8158945
  GCDWebServer: 2c156a56c8226e2d5c0c3f208a3621ccffbe3ce4
  PINCache: 7a8fc1a691173d21dbddbf86cd515de6efa55086
  PINOperation: daa34d4aa1d8449089be7d405b9d974abc4724c6

PODFILE CHECKSUM: 32d9a4538fa2c6e326290c353fcfbffc1abe81b7

COCOAPODS: 1.15.2
